
Microsoft Visual Studio Solution File, Format Version 12.00
# Visual Studio Version 17
VisualStudioVersion = 17.0.32126.317
MinimumVisualStudioVersion = 10.0.40219.1
Project("{FAE04EC0-301F-11D3-BF4B-00C04F79EFBC}") = "PasswordGenerator", "PasswordGenerator\PasswordGenerator.csproj", "{B3D7C86E-461C-48E3-A4C5-B2DE1650A12B}"
EndProject
Global
	GlobalSection(SolutionConfigurationPlatforms) = preSolution
		Debug|Any CPU = Debug|Any CPU
		Release|Any CPU = Release|Any CPU
	EndGlobalSection
	GlobalSection(ProjectConfigurationPlatforms) = postSolution
		{B3D7C86E-461C-48E3-A4C5-B2DE1650A12B}.Debug|Any CPU.ActiveCfg = Debug|Any CPU
		{B3D7C86E-461C-48E3-A4C5-B2DE1650A12B}.Debug|Any CPU.Build.0 = Debug|Any CPU
		{B3D7C86E-461C-48E3-A4C5-B2DE1650A12B}.Release|Any CPU.ActiveCfg = Release|Any CPU
		{B3D7C86E-461C-48E3-A4C5-B2DE1650A12B}.Release|Any CPU.Build.0 = Release|Any CPU
	EndGlobalSection
	GlobalSection(SolutionProperties) = preSolution
		HideSolutionNode = FALSE
	EndGlobalSection
	GlobalSection(ExtensibilityGlobals) = postSolution
		SolutionGuid = {7799E0AB-5231-4F8A-BD03-43BEFD80F5DE}
	EndGlobalSection
EndGlobal
